// !$*UTF8*$!
{
	archiveVersion = 1;
	classes = {
	};
	objectVersion = 46;
	objects = {

/* Begin PBXBuildFile section */
		B414012F1448DE0600FAECFB /* Cocoa.framework in Frameworks */ = {isa = PBXBuildFile; fileRef = B414012E1448DE0600FAECFB /* Cocoa.framework */; };
		B41401391448DE0600FAECFB /* InfoPlist.strings in Resources */ = {isa = PBXBuildFile; fileRef = B41401371448DE0600FAECFB /* InfoPlist.strings */; };
		B414013B1448DE0600FAECFB /* main.m in Sources */ = {isa = PBXBuildFile; fileRef = B414013A1448DE0600FAECFB /* main.m */; };
		B414013F1448DE0600FAECFB /* Credits.rtf in Resources */ = {isa = PBXBuildFile; fileRef = B414013D1448DE0600FAECFB /* Credits.rtf */; };
		B41401421448DE0600FAECFB /* helicopterAppDelegate.m in Sources */ = {isa = PBXBuildFile; fileRef = B41401411448DE0600FAECFB /* helicopterAppDelegate.m */; };
		B41401451448DE0700FAECFB /* MainMenu.xib in Resources */ = {isa = PBXBuildFile; fileRef = B41401431448DE0700FAECFB /* MainMenu.xib */; };
		B414014D1448DE0700FAECFB /* SenTestingKit.framework in Frameworks */ = {isa = PBXBuildFile; fileRef = B414014C1448DE0700FAECFB /* SenTestingKit.framework */; };
		B414014E1448DE0700FAECFB /* Cocoa.framework in Frameworks */ = {isa = PBXBuildFile; fileRef = B414012E1448DE0600FAECFB /* Cocoa.framework */; };
		B41401561448DE0700FAECFB /* InfoPlist.strings in Resources */ = {isa = PBXBuildFile; fileRef = B41401541448DE0700FAECFB /* InfoPlist.strings */; };
		B41401581448DE0700FAECFB /* helicopterTests.h in Resources */ = {isa = PBXBuildFile; fileRef = B41401571448DE0700FAECFB /* helicopterTests.h */; };
		B414015A1448DE0700FAECFB /* helicopterTests.m in Sources */ = {isa = PBXBuildFile; fileRef = B41401591448DE0700FAECFB /* helicopterTests.m */; };
		B41401651448E2B700FAECFB /* OpenGLView.m in Sources */ = {isa = PBXBuildFile; fileRef = B41401641448E2B700FAECFB /* OpenGLView.m */; };
		B41401691448EB9200FAECFB /* OpenGL.framework in Frameworks */ = {isa = PBXBuildFile; fileRef = B41401681448EB9200FAECFB /* OpenGL.framework */; };
		B42642F0145BBE8100F30CB9 /* Scene.m in Sources */ = {isa = PBXBuildFile; fileRef = B42642EF145BBE8100F30CB9 /* Scene.m */; };
		B43E3D9E1466DD62008A98DE /* vector3d.c in Sources */ = {isa = PBXBuildFile; fileRef = B43E3D9D1466DD62008A98DE /* vector3d.c */; };
		B43E3DA11466E9F0008A98DE /* numbers.c in Sources */ = {isa = PBXBuildFile; fileRef = B43E3DA01466E9F0008A98DE /* numbers.c */; };
		B43E3DA314672B52008A98DE /* constants.c in Sources */ = {isa = PBXBuildFile; fileRef = B43E3DA214672B52008A98DE /* constants.c */; };
		B4A9E0F3146EAE420032B343 /* MainWindow.m in Sources */ = {isa = PBXBuildFile; fileRef = B4A9E0F2146EAE420032B343 /* MainWindow.m */; };
		B4C8C1D9145DBDBD00140EE4 /* Camera.m in Sources */ = {isa = PBXBuildFile; fileRef = B4C8C1D8145DBDBD00140EE4 /* Camera.m */; };
		B4D0A4C814667A3700C9791A /* ConfigManager.m in Sources */ = {isa = PBXBuildFile; fileRef = B4D0A4C714667A3700C9791A /* ConfigManager.m */; };
		B4D2E0B41475CF95003A3CF4 /* wall.jpg in Resources */ = {isa = PBXBuildFile; fileRef = B4D2E0AF1475CF95003A3CF4 /* wall.jpg */; };
		B4D2E0B51475CF95003A3CF4 /* height_map1.jpg in Resources */ = {isa = PBXBuildFile; fileRef = B4D2E0B01475CF95003A3CF4 /* height_map1.jpg */; };
		B4D2E0B61475CF95003A3CF4 /* height_map2.jpg in Resources */ = {isa = PBXBuildFile; fileRef = B4D2E0B11475CF95003A3CF4 /* height_map2.jpg */; };
		B4D2E0B71475CF95003A3CF4 /* height_map3.jpg in Resources */ = {isa = PBXBuildFile; fileRef = B4D2E0B21475CF95003A3CF4 /* height_map3.jpg */; };
		B4D2E0B81475CF95003A3CF4 /* height_map4.jpg in Resources */ = {isa = PBXBuildFile; fileRef = B4D2E0B31475CF95003A3CF4 /* height_map4.jpg */; };
		B4D7E1D91480C1B600E6FD36 /* Light.m in Sources */ = {isa = PBXBuildFile; fileRef = B4D7E1D81480C1B600E6FD36 /* Light.m */; };
		B4E12DC31466B77D0048A18E /* Cube.m in Sources */ = {isa = PBXBuildFile; fileRef = B4E12DC21466B77D0048A18E /* Cube.m */; };
		B4E12DC61466B7910048A18E /* Terrain.m in Sources */ = {isa = PBXBuildFile; fileRef = B4E12DC51466B7910048A18E /* Terrain.m */; };
		B4EA04441488213A002B9CBC /* Config.plist in Resources */ = {isa = PBXBuildFile; fileRef = B4EA04461488213A002B9CBC /* Config.plist */; };
		B4EA1BB3148877A200CED7C3 /* Apacheah64display.max in Resources */ = {isa = PBXBuildFile; fileRef = B4EA1BB2148877A200CED7C3 /* Apacheah64display.max */; };
/* End PBXBuildFile section */

/* Begin PBXContainerItemProxy section */
		B414014F1448DE0700FAECFB /* PBXContainerItemProxy */ = {
			isa = PBXContainerItemProxy;
			containerPortal = B41401211448DE0600FAECFB /* Project object */;
			proxyType = 1;
			remoteGlobalIDString = B41401291448DE0600FAECFB;
			remoteInfo = helicopter;
		};
/* End PBXContainerItemProxy section */

/* Begin PBXFileReference section */
		B414012A1448DE0600FAECFB /* helicopter.app */ = {isa = PBXFileReference; explicitFileType = wrapper.application; includeInIndex = 0; path = helicopter.app; sourceTree = BUILT_PRODUCTS_DIR; };
		B414012E1448DE0600FAECFB /* Cocoa.framework */ = {isa = PBXFileReference; lastKnownFileType = wrapper.framework; name = Cocoa.framework; path = System/Library/Frameworks/Cocoa.framework; sourceTree = SDKROOT; };
		B41401311448DE0600FAECFB /* AppKit.framework */ = {isa = PBXFileReference; lastKnownFileType = wrapper.framework; name = AppKit.framework; path = System/Library/Frameworks/AppKit.framework; sourceTree = SDKROOT; };
		B41401321448DE0600FAECFB /* CoreData.framework */ = {isa = PBXFileReference; lastKnownFileType = wrapper.framework; name = CoreData.framework; path = System/Library/Frameworks/CoreData.framework; sourceTree = SDKROOT; };
		B41401331448DE0600FAECFB /* Foundation.framework */ = {isa = PBXFileReference; lastKnownFileType = wrapper.framework; name = Foundation.framework; path = System/Library/Frameworks/Foundation.framework; sourceTree = SDKROOT; };
		B41401361448DE0600FAECFB /* helicopter-Info.plist */ = {isa = PBXFileReference; lastKnownFileType = text.plist.xml; path = "helicopter-Info.plist"; sourceTree = "<group>"; };
		B41401381448DE0600FAECFB /* en */ = {isa = PBXFileReference; lastKnownFileType = text.plist.strings; name = en; path = en.lproj/InfoPlist.strings; sourceTree = "<group>"; };
		B414013A1448DE0600FAECFB /* main.m */ = {isa = PBXFileReference; lastKnownFileType = sourcecode.c.objc; path = main.m; sourceTree = "<group>"; };
		B414013C1448DE0600FAECFB /* helicopter-Prefix.pch */ = {isa = PBXFileReference; lastKnownFileType = sourcecode.c.h; path = "helicopter-Prefix.pch"; sourceTree = "<group>"; };
		B414013E1448DE0600FAECFB /* en */ = {isa = PBXFileReference; lastKnownFileType = text.rtf; name = en; path = en.lproj/Credits.rtf; sourceTree = "<group>"; };
		B41401401448DE0600FAECFB /* helicopterAppDelegate.h */ = {isa = PBXFileReference; lastKnownFileType = sourcecode.c.h; path = helicopterAppDelegate.h; sourceTree = "<group>"; };
		B41401411448DE0600FAECFB /* helicopterAppDelegate.m */ = {isa = PBXFileReference; lastKnownFileType = sourcecode.c.objc; path = helicopterAppDelegate.m; sourceTree = "<group>"; };
		B41401441448DE0700FAECFB /* en */ = {isa = PBXFileReference; lastKnownFileType = file.xib; name = en; path = en.lproj/MainMenu.xib; sourceTree = "<group>"; };
		B414014B1448DE0700FAECFB /* helicopterTests.octest */ = {isa = PBXFileReference; explicitFileType = wrapper.cfbundle; includeInIndex = 0; path = helicopterTests.octest; sourceTree = BUILT_PRODUCTS_DIR; };
		B414014C1448DE0700FAECFB /* SenTestingKit.framework */ = {isa = PBXFileReference; lastKnownFileType = wrapper.framework; name = SenTestingKit.framework; path = Library/Frameworks/SenTestingKit.framework; sourceTree = DEVELOPER_DIR; };
		B41401531448DE0700FAECFB /* helicopterTests-Info.plist */ = {isa = PBXFileReference; lastKnownFileType = text.plist.xml; path = "helicopterTests-Info.plist"; sourceTree = "<group>"; };
		B41401551448DE0700FAECFB /* en */ = {isa = PBXFileReference; lastKnownFileType = text.plist.strings; name = en; path = en.lproj/InfoPlist.strings; sourceTree = "<group>"; };
		B41401571448DE0700FAECFB /* helicopterTests.h */ = {isa = PBXFileReference; lastKnownFileType = sourcecode.c.h; path = helicopterTests.h; sourceTree = "<group>"; };
		B41401591448DE0700FAECFB /* helicopterTests.m */ = {isa = PBXFileReference; lastKnownFileType = sourcecode.c.objc; path = helicopterTests.m; sourceTree = "<group>"; };
		B41401631448E2B700FAECFB /* OpenGLView.h */ = {isa = PBXFileReference; fileEncoding = 4; lastKnownFileType = sourcecode.c.h; path = OpenGLView.h; sourceTree = "<group>"; };
		B41401641448E2B700FAECFB /* OpenGLView.m */ = {isa = PBXFileReference; fileEncoding = 4; lastKnownFileType = sourcecode.c.objc; path = OpenGLView.m; sourceTree = "<group>"; };
		B41401681448EB9200FAECFB /* OpenGL.framework */ = {isa = PBXFileReference; lastKnownFileType = wrapper.framework; name = OpenGL.framework; path = System/Library/Frameworks/OpenGL.framework; sourceTree = SDKROOT; };
		B42642EE145BBE8100F30CB9 /* Scene.h */ = {isa = PBXFileReference; fileEncoding = 4; lastKnownFileType = sourcecode.c.h; name = Scene.h; path = ../Scene.h; sourceTree = "<group>"; };
		B42642EF145BBE8100F30CB9 /* Scene.m */ = {isa = PBXFileReference; fileEncoding = 4; lastKnownFileType = sourcecode.c.objc; name = Scene.m; path = ../Scene.m; sourceTree = "<group>"; };
		B43E3D981466DAAB008A98DE /* constants.h */ = {isa = PBXFileReference; fileEncoding = 4; lastKnownFileType = sourcecode.c.h; path = constants.h; sourceTree = "<group>"; };
		B43E3D9A1466DBCF008A98DE /* vector2d.h */ = {isa = PBXFileReference; fileEncoding = 4; lastKnownFileType = sourcecode.c.h; path = vector2d.h; sourceTree = "<group>"; };
		B43E3D9B1466DBD9008A98DE /* vector3d.h */ = {isa = PBXFileReference; fileEncoding = 4; lastKnownFileType = sourcecode.c.h; path = vector3d.h; sourceTree = "<group>"; };
		B43E3D9C1466DBE2008A98DE /* vector4d.h */ = {isa = PBXFileReference; fileEncoding = 4; lastKnownFileType = sourcecode.c.h; path = vector4d.h; sourceTree = "<group>"; };
		B43E3D9D1466DD62008A98DE /* vector3d.c */ = {isa = PBXFileReference; fileEncoding = 4; lastKnownFileType = sourcecode.c.c; path = vector3d.c; sourceTree = "<group>"; };
		B43E3D9F1466E9B4008A98DE /* numbers.h */ = {isa = PBXFileReference; fileEncoding = 4; lastKnownFileType = sourcecode.c.h; path = numbers.h; sourceTree = "<group>"; };
		B43E3DA01466E9F0008A98DE /* numbers.c */ = {isa = PBXFileReference; fileEncoding = 4; lastKnownFileType = sourcecode.c.c; path = numbers.c; sourceTree = "<group>"; };
		B43E3DA214672B52008A98DE /* constants.c */ = {isa = PBXFileReference; fileEncoding = 4; lastKnownFileType = sourcecode.c.c; path = constants.c; sourceTree = "<group>"; };
		B4A9E0F1146EAE420032B343 /* MainWindow.h */ = {isa = PBXFileReference; fileEncoding = 4; lastKnownFileType = sourcecode.c.h; path = MainWindow.h; sourceTree = "<group>"; };
		B4A9E0F2146EAE420032B343 /* MainWindow.m */ = {isa = PBXFileReference; fileEncoding = 4; lastKnownFileType = sourcecode.c.objc; path = MainWindow.m; sourceTree = "<group>"; };
		B4C8C1D7145DBDBD00140EE4 /* Camera.h */ = {isa = PBXFileReference; fileEncoding = 4; lastKnownFileType = sourcecode.c.h; name = Camera.h; path = ../Camera.h; sourceTree = "<group>"; };
		B4C8C1D8145DBDBD00140EE4 /* Camera.m */ = {isa = PBXFileReference; fileEncoding = 4; lastKnownFileType = sourcecode.c.objc; name = Camera.m; path = ../Camera.m; sourceTree = "<group>"; };
		B4D0A4C614667A3700C9791A /* ConfigManager.h */ = {isa = PBXFileReference; fileEncoding = 4; lastKnownFileType = sourcecode.c.h; path = ConfigManager.h; sourceTree = "<group>"; };
		B4D0A4C714667A3700C9791A /* ConfigManager.m */ = {isa = PBXFileReference; fileEncoding = 4; lastKnownFileType = sourcecode.c.objc; path = ConfigManager.m; sourceTree = "<group>"; };
		B4D2E0AF1475CF95003A3CF4 /* wall.jpg */ = {isa = PBXFileReference; lastKnownFileType = image.jpeg; path = wall.jpg; sourceTree = SOURCE_ROOT; };
		B4D2E0B01475CF95003A3CF4 /* height_map1.jpg */ = {isa = PBXFileReference; lastKnownFileType = image.jpeg; path = height_map1.jpg; sourceTree = SOURCE_ROOT; };
		B4D2E0B11475CF95003A3CF4 /* height_map2.jpg */ = {isa = PBXFileReference; lastKnownFileType = image.jpeg; path = height_map2.jpg; sourceTree = SOURCE_ROOT; };
		B4D2E0B21475CF95003A3CF4 /* height_map3.jpg */ = {isa = PBXFileReference; lastKnownFileType = image.jpeg; path = height_map3.jpg; sourceTree = SOURCE_ROOT; };
		B4D2E0B31475CF95003A3CF4 /* height_map4.jpg */ = {isa = PBXFileReference; lastKnownFileType = image.jpeg; path = height_map4.jpg; sourceTree = SOURCE_ROOT; };
		B4D7E1D71480C1B600E6FD36 /* Light.h */ = {isa = PBXFileReference; fileEncoding = 4; lastKnownFileType = sourcecode.c.h; path = Light.h; sourceTree = "<group>"; };
		B4D7E1D81480C1B600E6FD36 /* Light.m */ = {isa = PBXFileReference; fileEncoding = 4; lastKnownFileType = sourcecode.c.objc; path = Light.m; sourceTree = "<group>"; };
		B4E12DC11466B77D0048A18E /* Cube.h */ = {isa = PBXFileReference; fileEncoding = 4; lastKnownFileType = sourcecode.c.h; path = Cube.h; sourceTree = "<group>"; };
		B4E12DC21466B77D0048A18E /* Cube.m */ = {isa = PBXFileReference; fileEncoding = 4; lastKnownFileType = sourcecode.c.objc; path = Cube.m; sourceTree = "<group>"; };
		B4E12DC41466B7910048A18E /* Terrain.h */ = {isa = PBXFileReference; fileEncoding = 4; lastKnownFileType = sourcecode.c.h; path = Terrain.h; sourceTree = "<group>"; };
		B4E12DC51466B7910048A18E /* Terrain.m */ = {isa = PBXFileReference; fileEncoding = 4; lastKnownFileType = sourcecode.c.objc; path = Terrain.m; sourceTree = "<group>"; };
		B4EA04451488213A002B9CBC /* en */ = {isa = PBXFileReference; explicitFileType = text.plist; name = en; path = en.lproj/Config.plist; sourceTree = "<group>"; };
		B4EA1BB2148877A200CED7C3 /* Apacheah64display.max */ = {isa = PBXFileReference; lastKnownFileType = file; path = Apacheah64display.max; sourceTree = "<group>"; };
		B4F610FE146F2E46005A04DF /* color.h */ = {isa = PBXFileReference; fileEncoding = 4; lastKnownFileType = sourcecode.c.h; path = color.h; sourceTree = "<group>"; };
		B4F670601474671300A1507D /* vertex.h */ = {isa = PBXFileReference; fileEncoding = 4; lastKnownFileType = sourcecode.c.h; path = vertex.h; sourceTree = "<group>"; };
/* End PBXFileReference section */

/* Begin PBXFrameworksBuildPhase section */
		B41401271448DE0600FAECFB /* Frameworks */ = {
			isa = PBXFrameworksBuildPhase;
			buildActionMask = 2147483647;
			files = (
				B41401691448EB9200FAECFB /* OpenGL.framework in Frameworks */,
				B414012F1448DE0600FAECFB /* Cocoa.framework in Frameworks */,
			);
			runOnlyForDeploymentPostprocessing = 0;
		};
		B41401471448DE0700FAECFB /* Frameworks */ = {
			isa = PBXFrameworksBuildPhase;
			buildActionMask = 2147483647;
			files = (
				B414014D1448DE0700FAECFB /* SenTestingKit.framework in Frameworks */,
				B414014E1448DE0700FAECFB /* Cocoa.framework in Frameworks */,
			);
			runOnlyForDeploymentPostprocessing = 0;
		};
/* End PBXFrameworksBuildPhase section */

/* Begin PBXGroup section */
		B414011F1448DE0600FAECFB = {
			isa = PBXGroup;
			children = (
				B41401341448DE0600FAECFB /* helicopter */,
				B41401511448DE0700FAECFB /* helicopterTests */,
				B414012D1448DE0600FAECFB /* Frameworks */,
				B414012B1448DE0600FAECFB /* Products */,
			);
			sourceTree = "<group>";
		};
		B414012B1448DE0600FAECFB /* Products */ = {
			isa = PBXGroup;
			children = (
				B414012A1448DE0600FAECFB /* helicopter.app */,
				B414014B1448DE0700FAECFB /* helicopterTests.octest */,
			);
			name = Products;
			sourceTree = "<group>";
		};
		B414012D1448DE0600FAECFB /* Frameworks */ = {
			isa = PBXGroup;
			children = (
				B41401681448EB9200FAECFB /* OpenGL.framework */,
				B414012E1448DE0600FAECFB /* Cocoa.framework */,
				B414014C1448DE0700FAECFB /* SenTestingKit.framework */,
				B41401301448DE0600FAECFB /* Other Frameworks */,
			);
			name = Frameworks;
			sourceTree = "<group>";
		};
		B41401301448DE0600FAECFB /* Other Frameworks */ = {
			isa = PBXGroup;
			children = (
				B41401311448DE0600FAECFB /* AppKit.framework */,
				B41401321448DE0600FAECFB /* CoreData.framework */,
				B41401331448DE0600FAECFB /* Foundation.framework */,
			);
			name = "Other Frameworks";
			sourceTree = "<group>";
		};
		B41401341448DE0600FAECFB /* helicopter */ = {
			isa = PBXGroup;
			children = (
				B43E3D991466DBA4008A98DE /* Math */,
				B43E3D971466DA3C008A98DE /* Objects */,
				B43E3D951466DA2A008A98DE /* Errors */,
				B4D0A4C914667C1F00C9791A /* Application */,
				B4D0A4C614667A3700C9791A /* ConfigManager.h */,
				B4D0A4C714667A3700C9791A /* ConfigManager.m */,
				B42642EE145BBE8100F30CB9 /* Scene.h */,
				B42642EF145BBE8100F30CB9 /* Scene.m */,
				B41401431448DE0700FAECFB /* MainMenu.xib */,
				B4D2E0AD1475CF6A003A3CF4 /* Resouces */,
				B41401351448DE0600FAECFB /* Supporting Files */,
			);
			path = helicopter;
			sourceTree = "<group>";
		};
		B41401351448DE0600FAECFB /* Supporting Files */ = {
			isa = PBXGroup;
			children = (
				B41401361448DE0600FAECFB /* helicopter-Info.plist */,
				B41401371448DE0600FAECFB /* InfoPlist.strings */,
				B414013A1448DE0600FAECFB /* main.m */,
				B414013C1448DE0600FAECFB /* helicopter-Prefix.pch */,
				B414013D1448DE0600FAECFB /* Credits.rtf */,
			);
			name = "Supporting Files";
			sourceTree = "<group>";
		};
		B41401511448DE0700FAECFB /* helicopterTests */ = {
			isa = PBXGroup;
			children = (
				B41401571448DE0700FAECFB /* helicopterTests.h */,
				B41401591448DE0700FAECFB /* helicopterTests.m */,
				B41401521448DE0700FAECFB /* Supporting Files */,
			);
			path = helicopterTests;
			sourceTree = "<group>";
		};
		B41401521448DE0700FAECFB /* Supporting Files */ = {
			isa = PBXGroup;
			children = (
				B41401531448DE0700FAECFB /* helicopterTests-Info.plist */,
				B41401541448DE0700FAECFB /* InfoPlist.strings */,
			);
			name = "Supporting Files";
			sourceTree = "<group>";
		};
		B43E3D951466DA2A008A98DE /* Errors */ = {
			isa = PBXGroup;
			children = (
			);
			name = Errors;
			sourceTree = "<group>";
		};
		B43E3D971466DA3C008A98DE /* Objects */ = {
			isa = PBXGroup;
			children = (
				B4C8C1D7145DBDBD00140EE4 /* Camera.h */,
				B4C8C1D8145DBDBD00140EE4 /* Camera.m */,
				B4E12DC41466B7910048A18E /* Terrain.h */,
				B4E12DC51466B7910048A18E /* Terrain.m */,
				B4E12DC11466B77D0048A18E /* Cube.h */,
				B4E12DC21466B77D0048A18E /* Cube.m */,
				B4D7E1D71480C1B600E6FD36 /* Light.h */,
				B4D7E1D81480C1B600E6FD36 /* Light.m */,
			);
			name = Objects;
			sourceTree = "<group>";
		};
		B43E3D991466DBA4008A98DE /* Math */ = {
			isa = PBXGroup;
			children = (
				B4F610FE146F2E46005A04DF /* color.h */,
				B43E3D981466DAAB008A98DE /* constants.h */,
				B43E3DA214672B52008A98DE /* constants.c */,
				B43E3D9A1466DBCF008A98DE /* vector2d.h */,
				B43E3D9B1466DBD9008A98DE /* vector3d.h */,
				B43E3D9C1466DBE2008A98DE /* vector4d.h */,
				B43E3D9D1466DD62008A98DE /* vector3d.c */,
				B43E3D9F1466E9B4008A98DE /* numbers.h */,
				B43E3DA01466E9F0008A98DE /* numbers.c */,
				B4F670601474671300A1507D /* vertex.h */,
			);
			name = Math;
			sourceTree = "<group>";
		};
		B4D0A4C914667C1F00C9791A /* Application */ = {
			isa = PBXGroup;
			children = (
				B41401401448DE0600FAECFB /* helicopterAppDelegate.h */,
				B41401411448DE0600FAECFB /* helicopterAppDelegate.m */,
				B41401631448E2B700FAECFB /* OpenGLView.h */,
				B41401641448E2B700FAECFB /* OpenGLView.m */,
				B4A9E0F1146EAE420032B343 /* MainWindow.h */,
				B4A9E0F2146EAE420032B343 /* MainWindow.m */,
			);
			name = Application;
			sourceTree = "<group>";
		};
		B4D2E0AD1475CF6A003A3CF4 /* Resouces */ = {
			isa = PBXGroup;
			children = (
				B4EA1BB2148877A200CED7C3 /* Apacheah64display.max */,
				B4D2E0AF1475CF95003A3CF4 /* wall.jpg */,
				B4D2E0B01475CF95003A3CF4 /* height_map1.jpg */,
				B4D2E0B11475CF95003A3CF4 /* height_map2.jpg */,
				B4D2E0B21475CF95003A3CF4 /* height_map3.jpg */,
				B4D2E0B31475CF95003A3CF4 /* height_map4.jpg */,
				B4EA04461488213A002B9CBC /* Config.plist */,
			);
			name = Resouces;
			sourceTree = "<group>";
		};
/* End PBXGroup section */

/* Begin PBXNativeTarget section */
		B41401291448DE0600FAECFB /* helicopter */ = {
			isa = PBXNativeTarget;
			buildConfigurationList = B414015D1448DE0700FAECFB /* Build configuration list for PBXNativeTarget "helicopter" */;
			buildPhases = (
				B41401261448DE0600FAECFB /* Sources */,
				B41401271448DE0600FAECFB /* Frameworks */,
				B41401281448DE0600FAECFB /* Resources */,
			);
			buildRules = (
			);
			dependencies = (
			);
			name = helicopter;
			productName = helicopter;
			productReference = B414012A1448DE0600FAECFB /* helicopter.app */;
			productType = "com.apple.product-type.application";
		};
		B414014A1448DE0700FAECFB /* helicopterTests */ = {
			isa = PBXNativeTarget;
			buildConfigurationList = B41401601448DE0700FAECFB /* Build configuration list for PBXNativeTarget "helicopterTests" */;
			buildPhases = (
				B41401461448DE0700FAECFB /* Sources */,
				B41401471448DE0700FAECFB /* Frameworks */,
				B41401481448DE0700FAECFB /* Resources */,
				B41401491448DE0700FAECFB /* ShellScript */,
			);
			buildRules = (
			);
			dependencies = (
				B41401501448DE0700FAECFB /* PBXTargetDependency */,
			);
			name = helicopterTests;
			productName = helicopterTests;
			productReference = B414014B1448DE0700FAECFB /* helicopterTests.octest */;
			productType = "com.apple.product-type.bundle";
		};
/* End PBXNativeTarget section */

/* Begin PBXProject section */
		B41401211448DE0600FAECFB /* Project object */ = {
			isa = PBXProject;
			buildConfigurationList = B41401241448DE0600FAECFB /* Build configuration list for PBXProject "helicopter" */;
			compatibilityVersion = "Xcode 3.2";
			developmentRegion = English;
			hasScannedForEncodings = 0;
			knownRegions = (
				en,
			);
			mainGroup = B414011F1448DE0600FAECFB;
			productRefGroup = B414012B1448DE0600FAECFB /* Products */;
			projectDirPath = "";
			projectRoot = "";
			targets = (
				B41401291448DE0600FAECFB /* helicopter */,
				B414014A1448DE0700FAECFB /* helicopterTests */,
			);
		};
/* End PBXProject section */

/* Begin PBXResourcesBuildPhase section */
		B41401281448DE0600FAECFB /* Resources */ = {
			isa = PBXResourcesBuildPhase;
			buildActionMask = 2147483647;
			files = (
				B41401391448DE0600FAECFB /* InfoPlist.strings in Resources */,
				B414013F1448DE0600FAECFB /* Credits.rtf in Resources */,
				B41401451448DE0700FAECFB /* MainMenu.xib in Resources */,
				B4D2E0B41475CF95003A3CF4 /* wall.jpg in Resources */,
				B4D2E0B51475CF95003A3CF4 /* height_map1.jpg in Resources */,
				B4D2E0B61475CF95003A3CF4 /* height_map2.jpg in Resources */,
				B4D2E0B71475CF95003A3CF4 /* height_map3.jpg in Resources */,
				B4D2E0B81475CF95003A3CF4 /* height_map4.jpg in Resources */,
				B4EA04441488213A002B9CBC /* Config.plist in Resources */,
				B4EA1BB3148877A200CED7C3 /* Apacheah64display.max in Resources */,
			);
			runOnlyForDeploymentPostprocessing = 0;
		};
		B41401481448DE0700FAECFB /* Resources */ = {
			isa = PBXResourcesBuildPhase;
			buildActionMask = 2147483647;
			files = (
				B41401561448DE0700FAECFB /* InfoPlist.strings in Resources */,
				B41401581448DE0700FAECFB /* helicopterTests.h in Resources */,
			);
			runOnlyForDeploymentPostprocessing = 0;
		};
/* End PBXResourcesBuildPhase section */

/* Begin PBXShellScriptBuildPhase section */
		B41401491448DE0700FAECFB /* ShellScript */ = {
			isa = PBXShellScriptBuildPhase;
			buildActionMask = 2147483647;
			files = (
			);
			inputPaths = (
			);
			outputPaths = (
			);
			runOnlyForDeploymentPostprocessing = 0;
			shellPath = /bin/sh;
			shellScript = "# Run the unit tests in this test bundle.\n\"${SYSTEM_DEVELOPER_DIR}/Tools/RunUnitTests\"\n";
		};
/* End PBXShellScriptBuildPhase section */

/* Begin PBXSourcesBuildPhase section */
		B41401261448DE0600FAECFB /* Sources */ = {
			isa = PBXSourcesBuildPhase;
			buildActionMask = 2147483647;
			files = (
				B414013B1448DE0600FAECFB /* main.m in Sources */,
				B41401421448DE0600FAECFB /* helicopterAppDelegate.m in Sources */,
				B41401651448E2B700FAECFB /* OpenGLView.m in Sources */,
				B42642F0145BBE8100F30CB9 /* Scene.m in Sources */,
				B4C8C1D9145DBDBD00140EE4 /* Camera.m in Sources */,
				B4D0A4C814667A3700C9791A /* ConfigManager.m in Sources */,
				B4E12DC31466B77D0048A18E /* Cube.m in Sources */,
				B4E12DC61466B7910048A18E /* Terrain.m in Sources */,
				B43E3D9E1466DD62008A98DE /* vector3d.c in Sources */,
				B43E3DA11466E9F0008A98DE /* numbers.c in Sources */,
				B43E3DA314672B52008A98DE /* constants.c in Sources */,
				B4A9E0F3146EAE420032B343 /* MainWindow.m in Sources */,
				B4D7E1D91480C1B600E6FD36 /* Light.m in Sources */,
			);
			runOnlyForDeploymentPostprocessing = 0;
		};
		B41401461448DE0700FAECFB /* Sources */ = {
			isa = PBXSourcesBuildPhase;
			buildActionMask = 2147483647;
			files = (
				B414015A1448DE0700FAECFB /* helicopterTests.m in Sources */,
			);
			runOnlyForDeploymentPostprocessing = 0;
		};
/* End PBXSourcesBuildPhase section */

/* Begin PBXTargetDependency section */
		B41401501448DE0700FAECFB /* PBXTargetDependency */ = {
			isa = PBXTargetDependency;
			target = B41401291448DE0600FAECFB /* helicopter */;
			targetProxy = B414014F1448DE0700FAECFB /* PBXContainerItemProxy */;
		};
/* End PBXTargetDependency section */

/* Begin PBXVariantGroup section */
		B41401371448DE0600FAECFB /* InfoPlist.strings */ = {
			isa = PBXVariantGroup;
			children = (
				B41401381448DE0600FAECFB /* en */,
			);
			name = InfoPlist.strings;
			sourceTree = "<group>";
		};
		B414013D1448DE0600FAECFB /* Credits.rtf */ = {
			isa = PBXVariantGroup;
			children = (
				B414013E1448DE0600FAECFB /* en */,
			);
			name = Credits.rtf;
			sourceTree = "<group>";
		};
		B41401431448DE0700FAECFB /* MainMenu.xib */ = {
			isa = PBXVariantGroup;
			children = (
				B41401441448DE0700FAECFB /* en */,
			);
			name = MainMenu.xib;
			sourceTree = "<group>";
		};
		B41401541448DE0700FAECFB /* InfoPlist.strings */ = {
			isa = PBXVariantGroup;
			children = (
				B41401551448DE0700FAECFB /* en */,
			);
			name = InfoPlist.strings;
			sourceTree = "<group>";
		};
		B4EA04461488213A002B9CBC /* Config.plist */ = {
			isa = PBXVariantGroup;
			children = (
				B4EA04451488213A002B9CBC /* en */,
			);
			name = Config.plist;
			sourceTree = "<group>";
		};
/* End PBXVariantGroup section */

/* Begin XCBuildConfiguration section */
		B414015B1448DE0700FAECFB /* Debug */ = {
			isa = XCBuildConfiguration;
			buildSettings = {
				ALWAYS_SEARCH_USER_PATHS = NO;
				ARCHS = "$(ARCHS_STANDARD_64_BIT)";
				COPY_PHASE_STRIP = NO;
				GCC_C_LANGUAGE_STANDARD = gnu99;
				GCC_DYNAMIC_NO_PIC = NO;
				GCC_ENABLE_OBJC_EXCEPTIONS = YES;
				GCC_OPTIMIZATION_LEVEL = 0;
				GCC_PREPROCESSOR_DEFINITIONS = (
					"DEBUG=1",
					"$(inherited)",
				);
				GCC_SYMBOLS_PRIVATE_EXTERN = NO;
				GCC_VERSION = com.apple.compilers.llvm.clang.1_0;
				GCC_WARN_64_TO_32_BIT_CONVERSION = YES;
				GCC_WARN_ABOUT_MISSING_PROTOTYPES = YES;
				GCC_WARN_ABOUT_RETURN_TYPE = YES;
				GCC_WARN_UNUSED_VARIABLE = YES;
				MACOSX_DEPLOYMENT_TARGET = 10.7;
				ONLY_ACTIVE_ARCH = YES;
				SDKROOT = macosx;
			};
			name = Debug;
		};
		B414015C1448DE0700FAECFB /* Release */ = {
			isa = XCBuildConfiguration;
			buildSettings = {
				ALWAYS_SEARCH_USER_PATHS = NO;
				ARCHS = "$(ARCHS_STANDARD_64_BIT)";
				COPY_PHASE_STRIP = YES;
				DEBUG_INFORMATION_FORMAT = "dwarf-with-dsym";
				GCC_C_LANGUAGE_STANDARD = gnu99;
				GCC_ENABLE_OBJC_EXCEPTIONS = YES;
				GCC_VERSION = com.apple.compilers.llvm.clang.1_0;
				GCC_WARN_64_TO_32_BIT_CONVERSION = YES;
				GCC_WARN_ABOUT_MISSING_PROTOTYPES = YES;
				GCC_WARN_ABOUT_RETURN_TYPE = YES;
				GCC_WARN_UNUSED_VARIABLE = YES;
				MACOSX_DEPLOYMENT_TARGET = 10.7;
				SDKROOT = macosx;
			};
			name = Release;
		};
		B414015E1448DE0700FAECFB /* Debug */ = {
			isa = XCBuildConfiguration;
			buildSettings = {
				GCC_PRECOMPILE_PREFIX_HEADER = YES;
				GCC_PREFIX_HEADER = "helicopter/helicopter-Prefix.pch";
				INFOPLIST_FILE = "helicopter/helicopter-Info.plist";
				PRODUCT_NAME = "$(TARGET_NAME)";
				WRAPPER_EXTENSION = app;
			};
			name = Debug;
		};
		B414015F1448DE0700FAECFB /* Release */ = {
			isa = XCBuildConfiguration;
			buildSettings = {
				GCC_PRECOMPILE_PREFIX_HEADER = YES;
				GCC_PREFIX_HEADER = "helicopter/helicopter-Prefix.pch";
				INFOPLIST_FILE = "helicopter/helicopter-Info.plist";
				PRODUCT_NAME = "$(TARGET_NAME)";
				WRAPPER_EXTENSION = app;
			};
			name = Release;
		};
		B41401611448DE0700FAECFB /* Debug */ = {
			isa = XCBuildConfiguration;
			buildSettings = {
				BUNDLE_LOADER = "$(BUILT_PRODUCTS_DIR)/helicopter.app/Contents/MacOS/helicopter";
				FRAMEWORK_SEARCH_PATHS = "$(DEVELOPER_LIBRARY_DIR)/Frameworks";
				GCC_PRECOMPILE_PREFIX_HEADER = YES;
				GCC_PREFIX_HEADER = "helicopter/helicopter-Prefix.pch";
				INFOPLIST_FILE = "helicopterTests/helicopterTests-Info.plist";
				PRODUCT_NAME = "$(TARGET_NAME)";
				TEST_HOST = "$(BUNDLE_LOADER)";
				WRAPPER_EXTENSION = octest;
			};
			name = Debug;
		};
		B41401621448DE0700FAECFB /* Release */ = {
			isa = XCBuildConfiguration;
			buildSettings = {
				BUNDLE_LOADER = "$(BUILT_PRODUCTS_DIR)/helicopter.app/Contents/MacOS/helicopter";
				FRAMEWORK_SEARCH_PATHS = "$(DEVELOPER_LIBRARY_DIR)/Frameworks";
				GCC_PRECOMPILE_PREFIX_HEADER = YES;
				GCC_PREFIX_HEADER = "helicopter/helicopter-Prefix.pch";
				INFOPLIST_FILE = "helicopterTests/helicopterTests-Info.plist";
				PRODUCT_NAME = "$(TARGET_NAME)";
				TEST_HOST = "$(BUNDLE_LOADER)";
				WRAPPER_EXTENSION = octest;
			};
			name = Release;
		};
/* End XCBuildConfiguration section */

/* Begin XCConfigurationList section */
		B41401241448DE0600FAECFB /* Build configuration list for PBXProject "helicopter" */ = {
			isa = XCConfigurationList;
			buildConfigurations = (
				B414015B1448DE0700FAECFB /* Debug */,
				B414015C1448DE0700FAECFB /* Release */,
			);
			defaultConfigurationIsVisible = 0;
			defaultConfigurationName = Release;
		};
		B414015D1448DE0700FAECFB /* Build configuration list for PBXNativeTarget "helicopter" */ = {
			isa = XCConfigurationList;
			buildConfigurations = (
				B414015E1448DE0700FAECFB /* Debug */,
				B414015F1448DE0700FAECFB /* Release */,
			);
			defaultConfigurationIsVisible = 0;
			defaultConfigurationName = Release;
		};
		B41401601448DE0700FAECFB /* Build configuration list for PBXNativeTarget "helicopterTests" */ = {
			isa = XCConfigurationList;
			buildConfigurations = (
				B41401611448DE0700FAECFB /* Debug */,
				B41401621448DE0700FAECFB /* Release */,
			);
			defaultConfigurationIsVisible = 0;
			defaultConfigurationName = Release;
		};
/* End XCConfigurationList section */
	};
	rootObject = B41401211448DE0600FAECFB /* Project object */;
}
